
Microsoft Visual Studio Solution File, Format Version 12.00
# Visual Studio Version 17
VisualStudioVersion = 17.13.35825.156 d17.13
MinimumVisualStudioVersion = 10.0.40219.1
Project("{FAE04EC0-301F-11D3-BF4B-00C04F79EFBC}") = "QL_HolyBird", "QL_HolyBird\QL_HolyBird.csproj", "{31F83D7F-8EAA-4841-AAD5-BD8AB2F12C6E}"
EndProject
Global
	GlobalSection(SolutionConfigurationPlatforms) = preSolution
		Debug|Any CPU = Debug|Any CPU
		Release|Any CPU = Release|Any CPU
	EndGlobalSection
	GlobalSection(ProjectConfigurationPlatforms) = postSolution
		{31F83D7F-8EAA-4841-AAD5-BD8AB2F12C6E}.Debug|Any CPU.ActiveCfg = Debug|Any CPU
		{31F83D7F-8EAA-4841-AAD5-BD8AB2F12C6E}.Debug|Any CPU.Build.0 = Debug|Any CPU
		{31F83D7F-8EAA-4841-AAD5-BD8AB2F12C6E}.Release|Any CPU.ActiveCfg = Release|Any CPU
		{31F83D7F-8EAA-4841-AAD5-BD8AB2F12C6E}.Release|Any CPU.Build.0 = Release|Any CPU
	EndGlobalSection
	GlobalSection(SolutionProperties) = preSolution
		HideSolutionNode = FALSE
	EndGlobalSection
	GlobalSection(ExtensibilityGlobals) = postSolution
		SolutionGuid = {50265C2E-8B26-4E93-BF08-BE5DC1F7D4C7}
	EndGlobalSection
EndGlobal
